// !$*UTF8*$!
{
	archiveVersion = 1;
	classes = {
	};
	objectVersion = 48;
	objects = {

/* Begin PBXBuildFile section */
		B4F0A3042079629500E56408 /* main.cpp in Sources */ = {isa = PBXBuildFile; fileRef = B4F0A3032079629500E56408 /* main.cpp */; };
		B4F0A30C207962B500E56408 /* OpenGL.framework in Frameworks */ = {isa = PBXBuildFile; fileRef = B4F0A30B207962B500E56408 /* OpenGL.framework */; };
		B4F0A3102079637F00E56408 /* libGLEW.2.1.0.dylib in Frameworks */ = {isa = PBXBuildFile; fileRef = B4F0A30F2079637F00E56408 /* libGLEW.2.1.0.dylib */; };
		B4F0A3122079638D00E56408 /* libglfw.3.2.dylib in Frameworks */ = {isa = PBXBuildFile; fileRef = B4F0A3112079638D00E56408 /* libglfw.3.2.dylib */; };
		B4F0A324207965DC00E56408 /* libnanogui.dylib in Frameworks */ = {isa = PBXBuildFile; fileRef = B4F0A30D2079633F00E56408 /* libnanogui.dylib */; };
/* End PBXBuildFile section */

/* Begin PBXCopyFilesBuildPhase section */
		B4F0A2FE2079629500E56408 /* CopyFiles */ = {
			isa = PBXCopyFilesBuildPhase;
			buildActionMask = 2147483647;
			dstPath = /usr/share/man/man1/;
			dstSubfolderSpec = 0;
			files = (
			);
			runOnlyForDeploymentPostprocessing = 1;
		};
/* End PBXCopyFilesBuildPhase section */

/* Begin PBXFileReference section */
		B42C81D520810FCD0010E6A6 /* vol.fs */ = {isa = PBXFileReference; fileEncoding = 4; lastKnownFileType = sourcecode.glsl; path = vol.fs; sourceTree = "<group>"; };
		B42C81D620810FCD0010E6A6 /* vol.vs */ = {isa = PBXFileReference; fileEncoding = 4; lastKnownFileType = sourcecode.glsl; path = vol.vs; sourceTree = "<group>"; };
		B46E712620892A20005E824C /* colorbar.png */ = {isa = PBXFileReference; lastKnownFileType = image.png; path = colorbar.png; sourceTree = "<group>"; };
		B46E712820892A32005E824C /* Bonsai_512_512_154.raw */ = {isa = PBXFileReference; lastKnownFileType = file; path = Bonsai_512_512_154.raw; sourceTree = "<group>"; };
		B46E712920892A32005E824C /* BostonTeapot_256_256_178.raw */ = {isa = PBXFileReference; lastKnownFileType = file; path = BostonTeapot_256_256_178.raw; sourceTree = "<group>"; };
		B46E712A20892A32005E824C /* Bucky_32_32_32.raw */ = {isa = PBXFileReference; lastKnownFileType = file; path = Bucky_32_32_32.raw; sourceTree = "<group>"; };
		B46E712B20892A32005E824C /* Head_256_256_225.raw */ = {isa = PBXFileReference; fileEncoding = 4; lastKnownFileType = text; path = Head_256_256_225.raw; sourceTree = "<group>"; };
		B4F0A3002079629500E56408 /* assignment4 */ = {isa = PBXFileReference; explicitFileType = "compiled.mach-o.executable"; includeInIndex = 0; path = assignment4; sourceTree = BUILT_PRODUCTS_DIR; };
		B4F0A3032079629500E56408 /* main.cpp */ = {isa = PBXFileReference; lastKnownFileType = sourcecode.cpp.cpp; path = main.cpp; sourceTree = "<group>"; };
		B4F0A30B207962B500E56408 /* OpenGL.framework */ = {isa = PBXFileReference; lastKnownFileType = wrapper.framework; name = OpenGL.framework; path = System/Library/Frameworks/OpenGL.framework; sourceTree = SDKROOT; };
		B4F0A30D2079633F00E56408 /* libnanogui.dylib */ = {isa = PBXFileReference; lastKnownFileType = "compiled.mach-o.dylib"; name = libnanogui.dylib; path = ../../../../../../nanogui/build/libnanogui.dylib; sourceTree = "<group>"; };
		B4F0A30F2079637F00E56408 /* libGLEW.2.1.0.dylib */ = {isa = PBXFileReference; lastKnownFileType = "compiled.mach-o.dylib"; name = libGLEW.2.1.0.dylib; path = ../../../../../../../../usr/local/Cellar/glew/2.1.0/lib/libGLEW.2.1.0.dylib; sourceTree = "<group>"; };
		B4F0A3112079638D00E56408 /* libglfw.3.2.dylib */ = {isa = PBXFileReference; lastKnownFileType = "compiled.mach-o.dylib"; name = libglfw.3.2.dylib; path = ../../../../../../../../usr/local/Cellar/glfw/3.2.1/lib/libglfw.3.2.dylib; sourceTree = "<group>"; };
		B4F0A3132079646000E56408 /* load_obj.h */ = {isa = PBXFileReference; fileEncoding = 4; lastKnownFileType = sourcecode.c.h; path = load_obj.h; sourceTree = "<group>"; };
		B4F0A3222079648300E56408 /* shader.h */ = {isa = PBXFileReference; fileEncoding = 4; lastKnownFileType = sourcecode.c.h; path = shader.h; sourceTree = "<group>"; };
		B4F0A3232079648C00E56408 /* stb_image.h */ = {isa = PBXFileReference; fileEncoding = 4; lastKnownFileType = sourcecode.c.h; path = stb_image.h; sourceTree = "<group>"; };
/* End PBXFileReference section */

/* Begin PBXFrameworksBuildPhase section */
		B4F0A2FD2079629500E56408 /* Frameworks */ = {
			isa = PBXFrameworksBuildPhase;
			buildActionMask = 2147483647;
			files = (
				B4F0A324207965DC00E56408 /* libnanogui.dylib in Frameworks */,
				B4F0A3122079638D00E56408 /* libglfw.3.2.dylib in Frameworks */,
				B4F0A3102079637F00E56408 /* libGLEW.2.1.0.dylib in Frameworks */,
				B4F0A30C207962B500E56408 /* OpenGL.framework in Frameworks */,
			);
			runOnlyForDeploymentPostprocessing = 0;
		};
/* End PBXFrameworksBuildPhase section */

/* Begin PBXGroup section */
		B46E712720892A32005E824C /* geometry */ = {
			isa = PBXGroup;
			children = (
				B46E712820892A32005E824C /* Bonsai_512_512_154.raw */,
				B46E712920892A32005E824C /* BostonTeapot_256_256_178.raw */,
				B46E712A20892A32005E824C /* Bucky_32_32_32.raw */,
				B46E712B20892A32005E824C /* Head_256_256_225.raw */,
			);
			path = geometry;
			sourceTree = "<group>";
		};
		B4F0A2F72079629500E56408 = {
			isa = PBXGroup;
			children = (
				B4F0A3022079629500E56408 /* assignment4 */,
				B4F0A3012079629500E56408 /* Products */,
				B4F0A30A207962B500E56408 /* Frameworks */,
			);
			sourceTree = "<group>";
		};
		B4F0A3012079629500E56408 /* Products */ = {
			isa = PBXGroup;
			children = (
				B4F0A3002079629500E56408 /* assignment4 */,
			);
			name = Products;
			sourceTree = "<group>";
		};
		B4F0A3022079629500E56408 /* assignment4 */ = {
			isa = PBXGroup;
			children = (
				B46E712720892A32005E824C /* geometry */,
				B4F0A3222079648300E56408 /* shader.h */,
				B4F0A3232079648C00E56408 /* stb_image.h */,
				B4F0A31F2079647900E56408 /* shader */,
				B4F0A3142079646900E56408 /* textures */,
				B4F0A3132079646000E56408 /* load_obj.h */,
				B4F0A3032079629500E56408 /* main.cpp */,
			);
			path = assignment4;
			sourceTree = "<group>";
		};
		B4F0A30A207962B500E56408 /* Frameworks */ = {
			isa = PBXGroup;
			children = (
				B4F0A3112079638D00E56408 /* libglfw.3.2.dylib */,
				B4F0A30F2079637F00E56408 /* libGLEW.2.1.0.dylib */,
				B4F0A30D2079633F00E56408 /* libnanogui.dylib */,
				B4F0A30B207962B500E56408 /* OpenGL.framework */,
			);
			name = Frameworks;
			sourceTree = "<group>";
		};
		B4F0A3142079646900E56408 /* textures */ = {
			isa = PBXGroup;
			children = (
				B46E712620892A20005E824C /* colorbar.png */,
			);
			path = textures;
			sourceTree = "<group>";
		};
		B4F0A31F2079647900E56408 /* shader */ = {
			isa = PBXGroup;
			children = (
				B42C81D520810FCD0010E6A6 /* vol.fs */,
				B42C81D620810FCD0010E6A6 /* vol.vs */,
			);
			path = shader;
			sourceTree = "<group>";
		};
/* End PBXGroup section */

/* Begin PBXNativeTarget section */
		B4F0A2FF2079629500E56408 /* assignment4 */ = {
			isa = PBXNativeTarget;
			buildConfigurationList = B4F0A3072079629500E56408 /* Build configuration list for PBXNativeTarget "assignment4" */;
			buildPhases = (
				B4F0A2FC2079629500E56408 /* Sources */,
				B4F0A2FD2079629500E56408 /* Frameworks */,
				B4F0A2FE2079629500E56408 /* CopyFiles */,
			);
			buildRules = (
			);
			dependencies = (
			);
			name = assignment4;
			productName = assignment4;
			productReference = B4F0A3002079629500E56408 /* assignment4 */;
			productType = "com.apple.product-type.tool";
		};
/* End PBXNativeTarget section */

/* Begin PBXProject section */
		B4F0A2F82079629500E56408 /* Project object */ = {
			isa = PBXProject;
			attributes = {
				LastUpgradeCheck = 0920;
				ORGANIZATIONNAME = "Tri M. Cao";
				TargetAttributes = {
					B4F0A2FF2079629500E56408 = {
						CreatedOnToolsVersion = 9.2;
						ProvisioningStyle = Automatic;
					};
				};
			};
			buildConfigurationList = B4F0A2FB2079629500E56408 /* Build configuration list for PBXProject "assignment4" */;
			compatibilityVersion = "Xcode 8.0";
			developmentRegion = en;
			hasScannedForEncodings = 0;
			knownRegions = (
				en,
			);
			mainGroup = B4F0A2F72079629500E56408;
			productRefGroup = B4F0A3012079629500E56408 /* Products */;
			projectDirPath = "";
			projectRoot = "";
			targets = (
				B4F0A2FF2079629500E56408 /* assignment4 */,
			);
		};
/* End PBXProject section */

/* Begin PBXSourcesBuildPhase section */
		B4F0A2FC2079629500E56408 /* Sources */ = {
			isa = PBXSourcesBuildPhase;
			buildActionMask = 2147483647;
			files = (
				B4F0A3042079629500E56408 /* main.cpp in Sources */,
			);
			runOnlyForDeploymentPostprocessing = 0;
		};
/* End PBXSourcesBuildPhase section */

/* Begin XCBuildConfiguration section */
		B4F0A3052079629500E56408 /* Debug */ = {
			isa = XCBuildConfiguration;
			buildSettings = {
				ALWAYS_SEARCH_USER_PATHS = NO;
				CLANG_ANALYZER_NONNULL = YES;
				CLANG_ANALYZER_NUMBER_OBJECT_CONVERSION = YES_AGGRESSIVE;
				CLANG_CXX_LANGUAGE_STANDARD = "gnu++14";
				CLANG_CXX_LIBRARY = "libc++";
				CLANG_ENABLE_MODULES = YES;
				CLANG_ENABLE_OBJC_ARC = YES;
				CLANG_WARN_BLOCK_CAPTURE_AUTORELEASING = YES;
				CLANG_WARN_BOOL_CONVERSION = YES;
				CLANG_WARN_COMMA = YES;
				CLANG_WARN_CONSTANT_CONVERSION = YES;
				CLANG_WARN_DIRECT_OBJC_ISA_USAGE = YES_ERROR;
				CLANG_WARN_DOCUMENTATION_COMMENTS = YES;
				CLANG_WARN_EMPTY_BODY = YES;
				CLANG_WARN_ENUM_CONVERSION = YES;
				CLANG_WARN_INFINITE_RECURSION = YES;
				CLANG_WARN_INT_CONVERSION = YES;
				CLANG_WARN_NON_LITERAL_NULL_CONVERSION = YES;
				CLANG_WARN_OBJC_LITERAL_CONVERSION = YES;
				CLANG_WARN_OBJC_ROOT_CLASS = YES_ERROR;
				CLANG_WARN_RANGE_LOOP_ANALYSIS = YES;
				CLANG_WARN_STRICT_PROTOTYPES = YES;
				CLANG_WARN_SUSPICIOUS_MOVE = YES;
				CLANG_WARN_UNGUARDED_AVAILABILITY = YES_AGGRESSIVE;
				CLANG_WARN_UNREACHABLE_CODE = YES;
				CLANG_WARN__DUPLICATE_METHOD_MATCH = YES;
				CODE_SIGN_IDENTITY = "-";
				COPY_PHASE_STRIP = NO;
				DEBUG_INFORMATION_FORMAT = dwarf;
				ENABLE_STRICT_OBJC_MSGSEND = YES;
				ENABLE_TESTABILITY = YES;
				GCC_C_LANGUAGE_STANDARD = gnu11;
				GCC_DYNAMIC_NO_PIC = NO;
				GCC_NO_COMMON_BLOCKS = YES;
				GCC_OPTIMIZATION_LEVEL = 0;
				GCC_PREPROCESSOR_DEFINITIONS = (
					"DEBUG=1",
					"$(inherited)",
				);
				GCC_WARN_64_TO_32_BIT_CONVERSION = YES;
				GCC_WARN_ABOUT_RETURN_TYPE = YES_ERROR;
				GCC_WARN_UNDECLARED_SELECTOR = YES;
				GCC_WARN_UNINITIALIZED_AUTOS = YES_AGGRESSIVE;
				GCC_WARN_UNUSED_FUNCTION = YES;
				GCC_WARN_UNUSED_VARIABLE = YES;
				MACOSX_DEPLOYMENT_TARGET = 10.12;
				MTL_ENABLE_DEBUG_INFO = YES;
				ONLY_ACTIVE_ARCH = YES;
				SDKROOT = macosx;
			};
			name = Debug;
		};
		B4F0A3062079629500E56408 /* Release */ = {
			isa = XCBuildConfiguration;
			buildSettings = {
				ALWAYS_SEARCH_USER_PATHS = NO;
				CLANG_ANALYZER_NONNULL = YES;
				CLANG_ANALYZER_NUMBER_OBJECT_CONVERSION = YES_AGGRESSIVE;
				CLANG_CXX_LANGUAGE_STANDARD = "gnu++14";
				CLANG_CXX_LIBRARY = "libc++";
				CLANG_ENABLE_MODULES = YES;
				CLANG_ENABLE_OBJC_ARC = YES;
				CLANG_WARN_BLOCK_CAPTURE_AUTORELEASING = YES;
				CLANG_WARN_BOOL_CONVERSION = YES;
				CLANG_WARN_COMMA = YES;
				CLANG_WARN_CONSTANT_CONVERSION = YES;
				CLANG_WARN_DIRECT_OBJC_ISA_USAGE = YES_ERROR;
				CLANG_WARN_DOCUMENTATION_COMMENTS = YES;
				CLANG_WARN_EMPTY_BODY = YES;
				CLANG_WARN_ENUM_CONVERSION = YES;
				CLANG_WARN_INFINITE_RECURSION = YES;
				CLANG_WARN_INT_CONVERSION = YES;
				CLANG_WARN_NON_LITERAL_NULL_CONVERSION = YES;
				CLANG_WARN_OBJC_LITERAL_CONVERSION = YES;
				CLANG_WARN_OBJC_ROOT_CLASS = YES_ERROR;
				CLANG_WARN_RANGE_LOOP_ANALYSIS = YES;
				CLANG_WARN_STRICT_PROTOTYPES = YES;
				CLANG_WARN_SUSPICIOUS_MOVE = YES;
				CLANG_WARN_UNGUARDED_AVAILABILITY = YES_AGGRESSIVE;
				CLANG_WARN_UNREACHABLE_CODE = YES;
				CLANG_WARN__DUPLICATE_METHOD_MATCH = YES;
				CODE_SIGN_IDENTITY = "-";
				COPY_PHASE_STRIP = NO;
				DEBUG_INFORMATION_FORMAT = "dwarf-with-dsym";
				ENABLE_NS_ASSERTIONS = NO;
				ENABLE_STRICT_OBJC_MSGSEND = YES;
				GCC_C_LANGUAGE_STANDARD = gnu11;
				GCC_NO_COMMON_BLOCKS = YES;
				GCC_WARN_64_TO_32_BIT_CONVERSION = YES;
				GCC_WARN_ABOUT_RETURN_TYPE = YES_ERROR;
				GCC_WARN_UNDECLARED_SELECTOR = YES;
				GCC_WARN_UNINITIALIZED_AUTOS = YES_AGGRESSIVE;
				GCC_WARN_UNUSED_FUNCTION = YES;
				GCC_WARN_UNUSED_VARIABLE = YES;
				MACOSX_DEPLOYMENT_TARGET = 10.12;
				MTL_ENABLE_DEBUG_INFO = NO;
				SDKROOT = macosx;
			};
			name = Release;
		};
		B4F0A3082079629500E56408 /* Debug */ = {
			isa = XCBuildConfiguration;
			buildSettings = {
				CODE_SIGN_STYLE = Automatic;
				HEADER_SEARCH_PATHS = (
					/Users/trimcao/nanogui/include,
					/Users/trimcao/glm,
					/usr/local/include,
					/Users/trimcao/nanogui/ext/nanovg/src,
					/Users/trimcao/nanogui/ext/eigen,
				);
				LD_RUNPATH_SEARCH_PATHS = /Users/trimcao/nanogui/build;
				LIBRARY_SEARCH_PATHS = (
					/Users/trimcao/nanogui/build,
					/usr/local/Cellar/glew/2.1.0/lib,
					/usr/local/Cellar/glfw/3.2.1/lib,
				);
				PRODUCT_NAME = "$(TARGET_NAME)";
			};
			name = Debug;
		};
		B4F0A3092079629500E56408 /* Release */ = {
			isa = XCBuildConfiguration;
			buildSettings = {
				CODE_SIGN_STYLE = Automatic;
				HEADER_SEARCH_PATHS = (
					/Users/trimcao/nanogui/include,
					/Users/trimcao/glm,
					/usr/local/include,
					/Users/trimcao/nanogui/ext/nanovg/src,
					/Users/trimcao/nanogui/ext/eigen,
				);
				LD_RUNPATH_SEARCH_PATHS = /Users/trimcao/nanogui/build;
				LIBRARY_SEARCH_PATHS = (
					/Users/trimcao/nanogui/build,
					/usr/local/Cellar/glew/2.1.0/lib,
					/usr/local/Cellar/glfw/3.2.1/lib,
				);
				PRODUCT_NAME = "$(TARGET_NAME)";
			};
			name = Release;
		};
/* End XCBuildConfiguration section */

/* Begin XCConfigurationList section */
		B4F0A2FB2079629500E56408 /* Build configuration list for PBXProject "assignment4" */ = {
			isa = XCConfigurationList;
			buildConfigurations = (
				B4F0A3052079629500E56408 /* Debug */,
				B4F0A3062079629500E56408 /* Release */,
			);
			defaultConfigurationIsVisible = 0;
			defaultConfigurationName = Release;
		};
		B4F0A3072079629500E56408 /* Build configuration list for PBXNativeTarget "assignment4" */ = {
			isa = XCConfigurationList;
			buildConfigurations = (
				B4F0A3082079629500E56408 /* Debug */,
				B4F0A3092079629500E56408 /* Release */,
			);
			defaultConfigurationIsVisible = 0;
			defaultConfigurationName = Release;
		};
/* End XCConfigurationList section */
	};
	rootObject = B4F0A2F82079629500E56408 /* Project object */;
}
